
Microsoft Visual Studio Solution File, Format Version 12.00
# Visual Studio Version 16
VisualStudioVersion = 16.0.29411.108
MinimumVisualStudioVersion = 10.0.40219.1
Project("{FAE04EC0-301F-11D3-BF4B-00C04F79EFBC}") = "ProcessClock", "ProcessClock\ProcessClock.csproj", "{1AD92F15-B8AB-47AA-ADF5-1FE23A59473F}"
EndProject
Global
	GlobalSection(SolutionConfigurationPlatforms) = preSolution
		Debug|Any CPU = Debug|Any CPU
		Release|Any CPU = Release|Any CPU
	EndGlobalSection
	GlobalSection(ProjectConfigurationPlatforms) = postSolution
		{1AD92F15-B8AB-47AA-ADF5-1FE23A59473F}.Debug|Any CPU.ActiveCfg = Debug|Any CPU
		{1AD92F15-B8AB-47AA-ADF5-1FE23A59473F}.Debug|Any CPU.Build.0 = Debug|Any CPU
		{1AD92F15-B8AB-47AA-ADF5-1FE23A59473F}.Release|Any CPU.ActiveCfg = Release|Any CPU
		{1AD92F15-B8AB-47AA-ADF5-1FE23A59473F}.Release|Any CPU.Build.0 = Release|Any CPU
	EndGlobalSection
	GlobalSection(SolutionProperties) = preSolution
		HideSolutionNode = FALSE
	EndGlobalSection
	GlobalSection(ExtensibilityGlobals) = postSolution
		SolutionGuid = {A25E5B17-1C44-4834-9EFF-3044BCB3D14D}
	EndGlobalSection
EndGlobal
